// !$*UTF8*$!
{
	archiveVersion = 1;
	classes = {
	};
	objectVersion = 55;
	objects = {

/* Begin PBXBuildFile section */
		6B0C16AA288DEA97004206CD /* Notes WatchKit App.app in Embed Watch Content */ = {isa = PBXBuildFile; fileRef = 6B0C16A9288DEA97004206CD /* Notes WatchKit App.app */; settings = {ATTRIBUTES = (RemoveHeadersOnCopy, ); }; };
		6B0C16AF288DEA9A004206CD /* Assets.xcassets in Resources */ = {isa = PBXBuildFile; fileRef = 6B0C16AE288DEA9A004206CD /* Assets.xcassets */; };
		6B0C16B5288DEA9A004206CD /* Notes WatchKit Extension.appex in Embed App Extensions */ = {isa = PBXBuildFile; fileRef = 6B0C16B4288DEA9A004206CD /* Notes WatchKit Extension.appex */; settings = {ATTRIBUTES = (RemoveHeadersOnCopy, ); }; };
		6B0C16BA288DEA9A004206CD /* ContentView.swift in Sources */ = {isa = PBXBuildFile; fileRef = 6B0C16B9288DEA9A004206CD /* ContentView.swift */; };
		6B0C16BC288DEA9A004206CD /* NotesApp.swift in Sources */ = {isa = PBXBuildFile; fileRef = 6B0C16BB288DEA9A004206CD /* NotesApp.swift */; };
		6B0C16BE288DEA9A004206CD /* ComplicationController.swift in Sources */ = {isa = PBXBuildFile; fileRef = 6B0C16BD288DEA9A004206CD /* ComplicationController.swift */; };
		6B0C16C0288DEA9B004206CD /* Assets.xcassets in Resources */ = {isa = PBXBuildFile; fileRef = 6B0C16BF288DEA9B004206CD /* Assets.xcassets */; };
		6B0C16C3288DEA9B004206CD /* Preview Assets.xcassets in Resources */ = {isa = PBXBuildFile; fileRef = 6B0C16C2288DEA9B004206CD /* Preview Assets.xcassets */; };
		6B0C16D5288DEC78004206CD /* Note.swift in Sources */ = {isa = PBXBuildFile; fileRef = 6B0C16D4288DEC78004206CD /* Note.swift */; };
		6B0C16D7288DF6F0004206CD /* DetailView.swift in Sources */ = {isa = PBXBuildFile; fileRef = 6B0C16D6288DF6F0004206CD /* DetailView.swift */; };
		6B0C16D9288DF937004206CD /* CreditsView.swift in Sources */ = {isa = PBXBuildFile; fileRef = 6B0C16D8288DF937004206CD /* CreditsView.swift */; };
		6B0C16DC288DF987004206CD /* HeaderView.swift in Sources */ = {isa = PBXBuildFile; fileRef = 6B0C16DB288DF987004206CD /* HeaderView.swift */; };
		6B0C16DE288DFC5E004206CD /* SettingsView.swift in Sources */ = {isa = PBXBuildFile; fileRef = 6B0C16DD288DFC5E004206CD /* SettingsView.swift */; };
/* End PBXBuildFile section */

/* Begin PBXContainerItemProxy section */
		6B0C16AB288DEA97004206CD /* PBXContainerItemProxy */ = {
			isa = PBXContainerItemProxy;
			containerPortal = 6B0C169F288DEA97004206CD /* Project object */;
			proxyType = 1;
			remoteGlobalIDString = 6B0C16A8288DEA97004206CD;
			remoteInfo = "Notes WatchKit App";
		};
		6B0C16B6288DEA9A004206CD /* PBXContainerItemProxy */ = {
			isa = PBXContainerItemProxy;
			containerPortal = 6B0C169F288DEA97004206CD /* Project object */;
			proxyType = 1;
			remoteGlobalIDString = 6B0C16B3288DEA9A004206CD;
			remoteInfo = "Notes WatchKit Extension";
		};
/* End PBXContainerItemProxy section */

/* Begin PBXCopyFilesBuildPhase section */
		6B0C16CA288DEA9B004206CD /* Embed App Extensions */ = {
			isa = PBXCopyFilesBuildPhase;
			buildActionMask = 2147483647;
			dstPath = "";
			dstSubfolderSpec = 13;
			files = (
				6B0C16B5288DEA9A004206CD /* Notes WatchKit Extension.appex in Embed App Extensions */,
			);
			name = "Embed App Extensions";
			runOnlyForDeploymentPostprocessing = 0;
		};
		6B0C16CE288DEA9B004206CD /* Embed Watch Content */ = {
			isa = PBXCopyFilesBuildPhase;
			buildActionMask = 2147483647;
			dstPath = "$(CONTENTS_FOLDER_PATH)/Watch";
			dstSubfolderSpec = 16;
			files = (
				6B0C16AA288DEA97004206CD /* Notes WatchKit App.app in Embed Watch Content */,
			);
			name = "Embed Watch Content";
			runOnlyForDeploymentPostprocessing = 0;
		};
/* End PBXCopyFilesBuildPhase section */

/* Begin PBXFileReference section */
		6B0C16A5288DEA97004206CD /* Notes.app */ = {isa = PBXFileReference; explicitFileType = wrapper.application; includeInIndex = 0; path = Notes.app; sourceTree = BUILT_PRODUCTS_DIR; };
		6B0C16A9288DEA97004206CD /* Notes WatchKit App.app */ = {isa = PBXFileReference; explicitFileType = wrapper.application; includeInIndex = 0; path = "Notes WatchKit App.app"; sourceTree = BUILT_PRODUCTS_DIR; };
		6B0C16AE288DEA9A004206CD /* Assets.xcassets */ = {isa = PBXFileReference; lastKnownFileType = folder.assetcatalog; path = Assets.xcassets; sourceTree = "<group>"; };
		6B0C16B4288DEA9A004206CD /* Notes WatchKit Extension.appex */ = {isa = PBXFileReference; explicitFileType = "wrapper.app-extension"; includeInIndex = 0; path = "Notes WatchKit Extension.appex"; sourceTree = BUILT_PRODUCTS_DIR; };
		6B0C16B9288DEA9A004206CD /* ContentView.swift */ = {isa = PBXFileReference; lastKnownFileType = sourcecode.swift; path = ContentView.swift; sourceTree = "<group>"; };
		6B0C16BB288DEA9A004206CD /* NotesApp.swift */ = {isa = PBXFileReference; lastKnownFileType = sourcecode.swift; path = NotesApp.swift; sourceTree = "<group>"; };
		6B0C16BD288DEA9A004206CD /* ComplicationController.swift */ = {isa = PBXFileReference; lastKnownFileType = sourcecode.swift; path = ComplicationController.swift; sourceTree = "<group>"; };
		6B0C16BF288DEA9B004206CD /* Assets.xcassets */ = {isa = PBXFileReference; lastKnownFileType = folder.assetcatalog; path = Assets.xcassets; sourceTree = "<group>"; };
		6B0C16C2288DEA9B004206CD /* Preview Assets.xcassets */ = {isa = PBXFileReference; lastKnownFileType = folder.assetcatalog; path = "Preview Assets.xcassets"; sourceTree = "<group>"; };
		6B0C16C4288DEA9B004206CD /* Info.plist */ = {isa = PBXFileReference; lastKnownFileType = text.plist.xml; path = Info.plist; sourceTree = "<group>"; };
		6B0C16D4288DEC78004206CD /* Note.swift */ = {isa = PBXFileReference; lastKnownFileType = sourcecode.swift; path = Note.swift; sourceTree = "<group>"; };
		6B0C16D6288DF6F0004206CD /* DetailView.swift */ = {isa = PBXFileReference; lastKnownFileType = sourcecode.swift; path = DetailView.swift; sourceTree = "<group>"; };
		6B0C16D8288DF937004206CD /* CreditsView.swift */ = {isa = PBXFileReference; lastKnownFileType = sourcecode.swift; path = CreditsView.swift; sourceTree = "<group>"; };
		6B0C16DB288DF987004206CD /* HeaderView.swift */ = {isa = PBXFileReference; lastKnownFileType = sourcecode.swift; path = HeaderView.swift; sourceTree = "<group>"; };
		6B0C16DD288DFC5E004206CD /* SettingsView.swift */ = {isa = PBXFileReference; lastKnownFileType = sourcecode.swift; path = SettingsView.swift; sourceTree = "<group>"; };
/* End PBXFileReference section */

/* Begin PBXFrameworksBuildPhase section */
		6B0C16B1288DEA9A004206CD /* Frameworks */ = {
			isa = PBXFrameworksBuildPhase;
			buildActionMask = 2147483647;
			files = (
			);
			runOnlyForDeploymentPostprocessing = 0;
		};
/* End PBXFrameworksBuildPhase section */

/* Begin PBXGroup section */
		6B0C169E288DEA97004206CD = {
			isa = PBXGroup;
			children = (
				6B0C16AD288DEA97004206CD /* Notes WatchKit App */,
				6B0C16B8288DEA9A004206CD /* Notes WatchKit Extension */,
				6B0C16A6288DEA97004206CD /* Products */,
			);
			sourceTree = "<group>";
		};
		6B0C16A6288DEA97004206CD /* Products */ = {
			isa = PBXGroup;
			children = (
				6B0C16A5288DEA97004206CD /* Notes.app */,
				6B0C16A9288DEA97004206CD /* Notes WatchKit App.app */,
				6B0C16B4288DEA9A004206CD /* Notes WatchKit Extension.appex */,
			);
			name = Products;
			sourceTree = "<group>";
		};
		6B0C16AD288DEA97004206CD /* Notes WatchKit App */ = {
			isa = PBXGroup;
			children = (
				6B0C16AE288DEA9A004206CD /* Assets.xcassets */,
			);
			path = "Notes WatchKit App";
			sourceTree = "<group>";
		};
		6B0C16B8288DEA9A004206CD /* Notes WatchKit Extension */ = {
			isa = PBXGroup;
			children = (
				6B0C16DA288DF977004206CD /* Component */,
				6B0C16D3288DEC6B004206CD /* Model */,
				6B0C16D2288DEC59004206CD /* View */,
				6B0C16BB288DEA9A004206CD /* NotesApp.swift */,
				6B0C16BD288DEA9A004206CD /* ComplicationController.swift */,
				6B0C16BF288DEA9B004206CD /* Assets.xcassets */,
				6B0C16C4288DEA9B004206CD /* Info.plist */,
				6B0C16C1288DEA9B004206CD /* Preview Content */,
			);
			path = "Notes WatchKit Extension";
			sourceTree = "<group>";
		};
		6B0C16C1288DEA9B004206CD /* Preview Content */ = {
			isa = PBXGroup;
			children = (
				6B0C16C2288DEA9B004206CD /* Preview Assets.xcassets */,
			);
			path = "Preview Content";
			sourceTree = "<group>";
		};
		6B0C16D2288DEC59004206CD /* View */ = {
			isa = PBXGroup;
			children = (
				6B0C16B9288DEA9A004206CD /* ContentView.swift */,
				6B0C16D6288DF6F0004206CD /* DetailView.swift */,
				6B0C16D8288DF937004206CD /* CreditsView.swift */,
				6B0C16DD288DFC5E004206CD /* SettingsView.swift */,
			);
			path = View;
			sourceTree = "<group>";
		};
		6B0C16D3288DEC6B004206CD /* Model */ = {
			isa = PBXGroup;
			children = (
				6B0C16D4288DEC78004206CD /* Note.swift */,
			);
			path = Model;
			sourceTree = "<group>";
		};
		6B0C16DA288DF977004206CD /* Component */ = {
			isa = PBXGroup;
			children = (
				6B0C16DB288DF987004206CD /* HeaderView.swift */,
			);
			path = Component;
			sourceTree = "<group>";
		};
/* End PBXGroup section */

/* Begin PBXNativeTarget section */
		6B0C16A4288DEA97004206CD /* Notes */ = {
			isa = PBXNativeTarget;
			buildConfigurationList = 6B0C16CF288DEA9B004206CD /* Build configuration list for PBXNativeTarget "Notes" */;
			buildPhases = (
				6B0C16A3288DEA97004206CD /* Resources */,
				6B0C16CE288DEA9B004206CD /* Embed Watch Content */,
			);
			buildRules = (
			);
			dependencies = (
				6B0C16AC288DEA97004206CD /* PBXTargetDependency */,
			);
			name = Notes;
			productName = Notes;
			productReference = 6B0C16A5288DEA97004206CD /* Notes.app */;
			productType = "com.apple.product-type.application.watchapp2-container";
		};
		6B0C16A8288DEA97004206CD /* Notes WatchKit App */ = {
			isa = PBXNativeTarget;
			buildConfigurationList = 6B0C16CB288DEA9B004206CD /* Build configuration list for PBXNativeTarget "Notes WatchKit App" */;
			buildPhases = (
				6B0C16A7288DEA97004206CD /* Resources */,
				6B0C16CA288DEA9B004206CD /* Embed App Extensions */,
			);
			buildRules = (
			);
			dependencies = (
				6B0C16B7288DEA9A004206CD /* PBXTargetDependency */,
			);
			name = "Notes WatchKit App";
			productName = "Notes WatchKit App";
			productReference = 6B0C16A9288DEA97004206CD /* Notes WatchKit App.app */;
			productType = "com.apple.product-type.application.watchapp2";
		};
		6B0C16B3288DEA9A004206CD /* Notes WatchKit Extension */ = {
			isa = PBXNativeTarget;
			buildConfigurationList = 6B0C16C7288DEA9B004206CD /* Build configuration list for PBXNativeTarget "Notes WatchKit Extension" */;
			buildPhases = (
				6B0C16B0288DEA9A004206CD /* Sources */,
				6B0C16B1288DEA9A004206CD /* Frameworks */,
				6B0C16B2288DEA9A004206CD /* Resources */,
			);
			buildRules = (
			);
			dependencies = (
			);
			name = "Notes WatchKit Extension";
			productName = "Notes WatchKit Extension";
			productReference = 6B0C16B4288DEA9A004206CD /* Notes WatchKit Extension.appex */;
			productType = "com.apple.product-type.watchkit2-extension";
		};
/* End PBXNativeTarget section */

/* Begin PBXProject section */
		6B0C169F288DEA97004206CD /* Project object */ = {
			isa = PBXProject;
			attributes = {
				BuildIndependentTargetsInParallel = 1;
				LastSwiftUpdateCheck = 1330;
				LastUpgradeCheck = 1330;
				TargetAttributes = {
					6B0C16A4288DEA97004206CD = {
						CreatedOnToolsVersion = 13.3.1;
					};
					6B0C16A8288DEA97004206CD = {
						CreatedOnToolsVersion = 13.3.1;
					};
					6B0C16B3288DEA9A004206CD = {
						CreatedOnToolsVersion = 13.3.1;
					};
				};
			};
			buildConfigurationList = 6B0C16A2288DEA97004206CD /* Build configuration list for PBXProject "Notes" */;
			compatibilityVersion = "Xcode 13.0";
			developmentRegion = en;
			hasScannedForEncodings = 0;
			knownRegions = (
				en,
				Base,
			);
			mainGroup = 6B0C169E288DEA97004206CD;
			productRefGroup = 6B0C16A6288DEA97004206CD /* Products */;
			projectDirPath = "";
			projectRoot = "";
			targets = (
				6B0C16A4288DEA97004206CD /* Notes */,
				6B0C16A8288DEA97004206CD /* Notes WatchKit App */,
				6B0C16B3288DEA9A004206CD /* Notes WatchKit Extension */,
			);
		};
/* End PBXProject section */

/* Begin PBXResourcesBuildPhase section */
		6B0C16A3288DEA97004206CD /* Resources */ = {
			isa = PBXResourcesBuildPhase;
			buildActionMask = 2147483647;
			files = (
			);
			runOnlyForDeploymentPostprocessing = 0;
		};
		6B0C16A7288DEA97004206CD /* Resources */ = {
			isa = PBXResourcesBuildPhase;
			buildActionMask = 2147483647;
			files = (
				6B0C16AF288DEA9A004206CD /* Assets.xcassets in Resources */,
			);
			runOnlyForDeploymentPostprocessing = 0;
		};
		6B0C16B2288DEA9A004206CD /* Resources */ = {
			isa = PBXResourcesBuildPhase;
			buildActionMask = 2147483647;
			files = (
				6B0C16C3288DEA9B004206CD /* Preview Assets.xcassets in Resources */,
				6B0C16C0288DEA9B004206CD /* Assets.xcassets in Resources */,
			);
			runOnlyForDeploymentPostprocessing = 0;
		};
/* End PBXResourcesBuildPhase section */

/* Begin PBXSourcesBuildPhase section */
		6B0C16B0288DEA9A004206CD /* Sources */ = {
			isa = PBXSourcesBuildPhase;
			buildActionMask = 2147483647;
			files = (
				6B0C16BA288DEA9A004206CD /* ContentView.swift in Sources */,
				6B0C16DE288DFC5E004206CD /* SettingsView.swift in Sources */,
				6B0C16BC288DEA9A004206CD /* NotesApp.swift in Sources */,
				6B0C16BE288DEA9A004206CD /* ComplicationController.swift in Sources */,
				6B0C16D9288DF937004206CD /* CreditsView.swift in Sources */,
				6B0C16D7288DF6F0004206CD /* DetailView.swift in Sources */,
				6B0C16D5288DEC78004206CD /* Note.swift in Sources */,
				6B0C16DC288DF987004206CD /* HeaderView.swift in Sources */,
			);
			runOnlyForDeploymentPostprocessing = 0;
		};
/* End PBXSourcesBuildPhase section */

/* Begin PBXTargetDependency section */
		6B0C16AC288DEA97004206CD /* PBXTargetDependency */ = {
			isa = PBXTargetDependency;
			target = 6B0C16A8288DEA97004206CD /* Notes WatchKit App */;
			targetProxy = 6B0C16AB288DEA97004206CD /* PBXContainerItemProxy */;
		};
		6B0C16B7288DEA9A004206CD /* PBXTargetDependency */ = {
			isa = PBXTargetDependency;
			target = 6B0C16B3288DEA9A004206CD /* Notes WatchKit Extension */;
			targetProxy = 6B0C16B6288DEA9A004206CD /* PBXContainerItemProxy */;
		};
/* End PBXTargetDependency section */

/* Begin XCBuildConfiguration section */
		6B0C16C5288DEA9B004206CD /* Debug */ = {
			isa = XCBuildConfiguration;
			buildSettings = {
				ALWAYS_SEARCH_USER_PATHS = NO;
				CLANG_ANALYZER_NONNULL = YES;
				CLANG_ANALYZER_NUMBER_OBJECT_CONVERSION = YES_AGGRESSIVE;
				CLANG_CXX_LANGUAGE_STANDARD = "gnu++17";
				CLANG_ENABLE_MODULES = YES;
				CLANG_ENABLE_OBJC_ARC = YES;
				CLANG_ENABLE_OBJC_WEAK = YES;
				CLANG_WARN_BLOCK_CAPTURE_AUTORELEASING = YES;
				CLANG_WARN_BOOL_CONVERSION = YES;
				CLANG_WARN_COMMA = YES;
				CLANG_WARN_CONSTANT_CONVERSION = YES;
				CLANG_WARN_DEPRECATED_OBJC_IMPLEMENTATIONS = YES;
				CLANG_WARN_DIRECT_OBJC_ISA_USAGE = YES_ERROR;
				CLANG_WARN_DOCUMENTATION_COMMENTS = YES;
				CLANG_WARN_EMPTY_BODY = YES;
				CLANG_WARN_ENUM_CONVERSION = YES;
				CLANG_WARN_INFINITE_RECURSION = YES;
				CLANG_WARN_INT_CONVERSION = YES;
				CLANG_WARN_NON_LITERAL_NULL_CONVERSION = YES;
				CLANG_WARN_OBJC_IMPLICIT_RETAIN_SELF = YES;
				CLANG_WARN_OBJC_LITERAL_CONVERSION = YES;
				CLANG_WARN_OBJC_ROOT_CLASS = YES_ERROR;
				CLANG_WARN_QUOTED_INCLUDE_IN_FRAMEWORK_HEADER = YES;
				CLANG_WARN_RANGE_LOOP_ANALYSIS = YES;
				CLANG_WARN_STRICT_PROTOTYPES = YES;
				CLANG_WARN_SUSPICIOUS_MOVE = YES;
				CLANG_WARN_UNGUARDED_AVAILABILITY = YES_AGGRESSIVE;
				CLANG_WARN_UNREACHABLE_CODE = YES;
				CLANG_WARN__DUPLICATE_METHOD_MATCH = YES;
				COPY_PHASE_STRIP = NO;
				DEBUG_INFORMATION_FORMAT = dwarf;
				ENABLE_STRICT_OBJC_MSGSEND = YES;
				ENABLE_TESTABILITY = YES;
				GCC_C_LANGUAGE_STANDARD = gnu11;
				GCC_DYNAMIC_NO_PIC = NO;
				GCC_NO_COMMON_BLOCKS = YES;
				GCC_OPTIMIZATION_LEVEL = 0;
				GCC_PREPROCESSOR_DEFINITIONS = (
					"DEBUG=1",
					"$(inherited)",
				);
				GCC_WARN_64_TO_32_BIT_CONVERSION = YES;
				GCC_WARN_ABOUT_RETURN_TYPE = YES_ERROR;
				GCC_WARN_UNDECLARED_SELECTOR = YES;
				GCC_WARN_UNINITIALIZED_AUTOS = YES_AGGRESSIVE;
				GCC_WARN_UNUSED_FUNCTION = YES;
				GCC_WARN_UNUSED_VARIABLE = YES;
				MTL_ENABLE_DEBUG_INFO = INCLUDE_SOURCE;
				MTL_FAST_MATH = YES;
				ONLY_ACTIVE_ARCH = YES;
				SDKROOT = iphoneos;
				SWIFT_ACTIVE_COMPILATION_CONDITIONS = DEBUG;
				SWIFT_OPTIMIZATION_LEVEL = "-Onone";
			};
			name = Debug;
		};
		6B0C16C6288DEA9B004206CD /* Release */ = {
			isa = XCBuildConfiguration;
			buildSettings = {
				ALWAYS_SEARCH_USER_PATHS = NO;
				CLANG_ANALYZER_NONNULL = YES;
				CLANG_ANALYZER_NUMBER_OBJECT_CONVERSION = YES_AGGRESSIVE;
				CLANG_CXX_LANGUAGE_STANDARD = "gnu++17";
				CLANG_ENABLE_MODULES = YES;
				CLANG_ENABLE_OBJC_ARC = YES;
				CLANG_ENABLE_OBJC_WEAK = YES;
				CLANG_WARN_BLOCK_CAPTURE_AUTORELEASING = YES;
				CLANG_WARN_BOOL_CONVERSION = YES;
				CLANG_WARN_COMMA = YES;
				CLANG_WARN_CONSTANT_CONVERSION = YES;
				CLANG_WARN_DEPRECATED_OBJC_IMPLEMENTATIONS = YES;
				CLANG_WARN_DIRECT_OBJC_ISA_USAGE = YES_ERROR;
				CLANG_WARN_DOCUMENTATION_COMMENTS = YES;
				CLANG_WARN_EMPTY_BODY = YES;
				CLANG_WARN_ENUM_CONVERSION = YES;
				CLANG_WARN_INFINITE_RECURSION = YES;
				CLANG_WARN_INT_CONVERSION = YES;
				CLANG_WARN_NON_LITERAL_NULL_CONVERSION = YES;
				CLANG_WARN_OBJC_IMPLICIT_RETAIN_SELF = YES;
				CLANG_WARN_OBJC_LITERAL_CONVERSION = YES;
				CLANG_WARN_OBJC_ROOT_CLASS = YES_ERROR;
				CLANG_WARN_QUOTED_INCLUDE_IN_FRAMEWORK_HEADER = YES;
				CLANG_WARN_RANGE_LOOP_ANALYSIS = YES;
				CLANG_WARN_STRICT_PROTOTYPES = YES;
				CLANG_WARN_SUSPICIOUS_MOVE = YES;
				CLANG_WARN_UNGUARDED_AVAILABILITY = YES_AGGRESSIVE;
				CLANG_WARN_UNREACHABLE_CODE = YES;
				CLANG_WARN__DUPLICATE_METHOD_MATCH = YES;
				COPY_PHASE_STRIP = NO;
				DEBUG_INFORMATION_FORMAT = "dwarf-with-dsym";
				ENABLE_NS_ASSERTIONS = NO;
				ENABLE_STRICT_OBJC_MSGSEND = YES;
				GCC_C_LANGUAGE_STANDARD = gnu11;
				GCC_NO_COMMON_BLOCKS = YES;
				GCC_WARN_64_TO_32_BIT_CONVERSION = YES;
				GCC_WARN_ABOUT_RETURN_TYPE = YES_ERROR;
				GCC_WARN_UNDECLARED_SELECTOR = YES;
				GCC_WARN_UNINITIALIZED_AUTOS = YES_AGGRESSIVE;
				GCC_WARN_UNUSED_FUNCTION = YES;
				GCC_WARN_UNUSED_VARIABLE = YES;
				MTL_ENABLE_DEBUG_INFO = NO;
				MTL_FAST_MATH = YES;
				SDKROOT = iphoneos;
				SWIFT_COMPILATION_MODE = wholemodule;
				SWIFT_OPTIMIZATION_LEVEL = "-O";
				VALIDATE_PRODUCT = YES;
			};
			name = Release;
		};
		6B0C16C8288DEA9B004206CD /* Debug */ = {
			isa = XCBuildConfiguration;
			buildSettings = {
				ASSETCATALOG_COMPILER_COMPLICATION_NAME = Complication;
				CODE_SIGN_STYLE = Automatic;
				CURRENT_PROJECT_VERSION = 1;
				DEVELOPMENT_ASSET_PATHS = "\"Notes WatchKit Extension/Preview Content\"";
				DEVELOPMENT_TEAM = R36C94X925;
				ENABLE_PREVIEWS = YES;
				GENERATE_INFOPLIST_FILE = YES;
				INFOPLIST_FILE = "Notes WatchKit Extension/Info.plist";
				INFOPLIST_KEY_CFBundleDisplayName = "Notes WatchKit Extension";
				INFOPLIST_KEY_CLKComplicationPrincipalClass = "$(PRODUCT_MODULE_NAME).ComplicationController";
				INFOPLIST_KEY_NSHumanReadableCopyright = "";
				INFOPLIST_KEY_WKWatchOnly = YES;
				LD_RUNPATH_SEARCH_PATHS = (
					"$(inherited)",
					"@executable_path/Frameworks",
					"@executable_path/../../Frameworks",
				);
				MARKETING_VERSION = 1.0;
				PRODUCT_BUNDLE_IDENTIFIER = com.limulus.Notes.watchkitapp.watchkitextension;
				PRODUCT_NAME = "${TARGET_NAME}";
				SDKROOT = watchos;
				SKIP_INSTALL = YES;
				SWIFT_EMIT_LOC_STRINGS = YES;
				SWIFT_VERSION = 5.0;
				TARGETED_DEVICE_FAMILY = 4;
				WATCHOS_DEPLOYMENT_TARGET = 8.5;
			};
			name = Debug;
		};
		6B0C16C9288DEA9B004206CD /* Release */ = {
			isa = XCBuildConfiguration;
			buildSettings = {
				ASSETCATALOG_COMPILER_COMPLICATION_NAME = Complication;
				CODE_SIGN_STYLE = Automatic;
				CURRENT_PROJECT_VERSION = 1;
				DEVELOPMENT_ASSET_PATHS = "\"Notes WatchKit Extension/Preview Content\"";
				DEVELOPMENT_TEAM = R36C94X925;
				ENABLE_PREVIEWS = YES;
				GENERATE_INFOPLIST_FILE = YES;
				INFOPLIST_FILE = "Notes WatchKit Extension/Info.plist";
				INFOPLIST_KEY_CFBundleDisplayName = "Notes WatchKit Extension";
				INFOPLIST_KEY_CLKComplicationPrincipalClass = "$(PRODUCT_MODULE_NAME).ComplicationController";
				INFOPLIST_KEY_NSHumanReadableCopyright = "";
				INFOPLIST_KEY_WKWatchOnly = YES;
				LD_RUNPATH_SEARCH_PATHS = (
					"$(inherited)",
					"@executable_path/Frameworks",
					"@executable_path/../../Frameworks",
				);
				MARKETING_VERSION = 1.0;
				PRODUCT_BUNDLE_IDENTIFIER = com.limulus.Notes.watchkitapp.watchkitextension;
				PRODUCT_NAME = "${TARGET_NAME}";
				SDKROOT = watchos;
				SKIP_INSTALL = YES;
				SWIFT_EMIT_LOC_STRINGS = YES;
				SWIFT_VERSION = 5.0;
				TARGETED_DEVICE_FAMILY = 4;
				WATCHOS_DEPLOYMENT_TARGET = 8.5;
			};
			name = Release;
		};
		6B0C16CC288DEA9B004206CD /* Debug */ = {
			isa = XCBuildConfiguration;
			buildSettings = {
				ALWAYS_EMBED_SWIFT_STANDARD_LIBRARIES = YES;
				ASSETCATALOG_COMPILER_APPICON_NAME = AppIcon;
				ASSETCATALOG_COMPILER_GLOBAL_ACCENT_COLOR_NAME = AccentColor;
				CODE_SIGN_STYLE = Automatic;
				CURRENT_PROJECT_VERSION = 1;
				DEVELOPMENT_TEAM = R36C94X925;
				GENERATE_INFOPLIST_FILE = YES;
				IBSC_MODULE = Notes_WatchKit_Extension;
				INFOPLIST_KEY_CFBundleDisplayName = "Notes WatchKit App";
				INFOPLIST_KEY_UISupportedInterfaceOrientations = "UIInterfaceOrientationPortrait UIInterfaceOrientationPortraitUpsideDown";
				MARKETING_VERSION = 1.0;
				PRODUCT_BUNDLE_IDENTIFIER = com.limulus.Notes.watchkitapp;
				PRODUCT_NAME = "$(TARGET_NAME)";
				SDKROOT = watchos;
				SKIP_INSTALL = YES;
				SWIFT_EMIT_LOC_STRINGS = YES;
				SWIFT_VERSION = 5.0;
				TARGETED_DEVICE_FAMILY = 4;
				WATCHOS_DEPLOYMENT_TARGET = 8.5;
			};
			name = Debug;
		};
		6B0C16CD288DEA9B004206CD /* Release */ = {
			isa = XCBuildConfiguration;
			buildSettings = {
				ALWAYS_EMBED_SWIFT_STANDARD_LIBRARIES = YES;
				ASSETCATALOG_COMPILER_APPICON_NAME = AppIcon;
				ASSETCATALOG_COMPILER_GLOBAL_ACCENT_COLOR_NAME = AccentColor;
				CODE_SIGN_STYLE = Automatic;
				CURRENT_PROJECT_VERSION = 1;
				DEVELOPMENT_TEAM = R36C94X925;
				GENERATE_INFOPLIST_FILE = YES;
				IBSC_MODULE = Notes_WatchKit_Extension;
				INFOPLIST_KEY_CFBundleDisplayName = "Notes WatchKit App";
				INFOPLIST_KEY_UISupportedInterfaceOrientations = "UIInterfaceOrientationPortrait UIInterfaceOrientationPortraitUpsideDown";
				MARKETING_VERSION = 1.0;
				PRODUCT_BUNDLE_IDENTIFIER = com.limulus.Notes.watchkitapp;
				PRODUCT_NAME = "$(TARGET_NAME)";
				SDKROOT = watchos;
				SKIP_INSTALL = YES;
				SWIFT_EMIT_LOC_STRINGS = YES;
				SWIFT_VERSION = 5.0;
				TARGETED_DEVICE_FAMILY = 4;
				WATCHOS_DEPLOYMENT_TARGET = 8.5;
			};
			name = Release;
		};
		6B0C16D0288DEA9B004206CD /* Debug */ = {
			isa = XCBuildConfiguration;
			buildSettings = {
				CODE_SIGN_STYLE = Automatic;
				CURRENT_PROJECT_VERSION = 1;
				DEVELOPMENT_TEAM = R36C94X925;
				MARKETING_VERSION = 1.0;
				PRODUCT_BUNDLE_IDENTIFIER = com.limulus.Notes;
				PRODUCT_NAME = "$(TARGET_NAME)";
				SWIFT_VERSION = 5.0;
			};
			name = Debug;
		};
		6B0C16D1288DEA9B004206CD /* Release */ = {
			isa = XCBuildConfiguration;
			buildSettings = {
				CODE_SIGN_STYLE = Automatic;
				CURRENT_PROJECT_VERSION = 1;
				DEVELOPMENT_TEAM = R36C94X925;
				MARKETING_VERSION = 1.0;
				PRODUCT_BUNDLE_IDENTIFIER = com.limulus.Notes;
				PRODUCT_NAME = "$(TARGET_NAME)";
				SWIFT_VERSION = 5.0;
			};
			name = Release;
		};
/* End XCBuildConfiguration section */

/* Begin XCConfigurationList section */
		6B0C16A2288DEA97004206CD /* Build configuration list for PBXProject "Notes" */ = {
			isa = XCConfigurationList;
			buildConfigurations = (
				6B0C16C5288DEA9B004206CD /* Debug */,
				6B0C16C6288DEA9B004206CD /* Release */,
			);
			defaultConfigurationIsVisible = 0;
			defaultConfigurationName = Release;
		};
		6B0C16C7288DEA9B004206CD /* Build configuration list for PBXNativeTarget "Notes WatchKit Extension" */ = {
			isa = XCConfigurationList;
			buildConfigurations = (
				6B0C16C8288DEA9B004206CD /* Debug */,
				6B0C16C9288DEA9B004206CD /* Release */,
			);
			defaultConfigurationIsVisible = 0;
			defaultConfigurationName = Release;
		};
		6B0C16CB288DEA9B004206CD /* Build configuration list for PBXNativeTarget "Notes WatchKit App" */ = {
			isa = XCConfigurationList;
			buildConfigurations = (
				6B0C16CC288DEA9B004206CD /* Debug */,
				6B0C16CD288DEA9B004206CD /* Release */,
			);
			defaultConfigurationIsVisible = 0;
			defaultConfigurationName = Release;
		};
		6B0C16CF288DEA9B004206CD /* Build configuration list for PBXNativeTarget "Notes" */ = {
			isa = XCConfigurationList;
			buildConfigurations = (
				6B0C16D0288DEA9B004206CD /* Debug */,
				6B0C16D1288DEA9B004206CD /* Release */,
			);
			defaultConfigurationIsVisible = 0;
			defaultConfigurationName = Release;
		};
/* End XCConfigurationList section */
	};
	rootObject = 6B0C169F288DEA97004206CD /* Project object */;
}
